<?xml version="1.0" encoding="UTF-8" standalone="yes" ?>
<CodeBlocks_project_file>
	<FileVersion major="1" minor="6" />
	<Project>
		<Option title="Obligatorio2" />
		<Option pch_mode="2" />
		<Option compiler="gcc" />
		<Build>
			<Target title="Debug">
				<Option output="bin/Debug/Obligatorio2" prefix_auto="1" extension_auto="1" />
				<Option object_output="obj/Debug/" />
				<Option type="1" />
				<Option compiler="gcc" />
				<Compiler>
					<Add option="-g" />
				</Compiler>
			</Target>
			<Target title="Release">
				<Option output="bin/Release/Obligatorio2" prefix_auto="1" extension_auto="1" />
				<Option object_output="obj/Release/" />
				<Option type="1" />
				<Option compiler="gcc" />
				<Compiler>
					<Add option="-O2" />
				</Compiler>
				<Linker>
					<Add option="-s" />
				</Linker>
			</Target>
		</Build>
		<Compiler>
			<Add option="-Wall" />
			<Add option="-fexceptions" />
		</Compiler>
		<Unit filename="Arbol.cpp" />
		<Unit filename="Arbol.h" />
		<Unit filename="Archivo.cpp" />
		<Unit filename="Archivo.h" />
		<Unit filename="Boolean.h" />
		<Unit filename="Expediente.cpp" />
		<Unit filename="Expediente.h" />
		<Unit filename="Fecha.cpp" />
		<Unit filename="Fecha.h" />
		<Unit filename="ListaRevision.cpp" />
		<Unit filename="ListaRevision.h" />
		<Unit filename="Menu.h" />
		<Unit filename="Resultado.cpp" />
		<Unit filename="Resultado.h" />
		<Unit filename="Revision.cpp" />
		<Unit filename="Revision.h" />
		<Unit filename="main.cpp" />
		<Unit filename="string.cpp" />
		<Unit filename="string.h" />
		<Extensions>
			<code_completion />
			<envvars />
			<debugger />
			<lib_finder disable_auto="1" />
		</Extensions>
	</Project>
</CodeBlocks_project_file>
